
Microsoft Visual Studio Solution File, Format Version 12.00
# Visual Studio Version 17
VisualStudioVersion = 17.9.34701.34
MinimumVisualStudioVersion = 10.0.40219.1
Project("{FAE04EC0-301F-11D3-BF4B-00C04F79EFBC}") = "Oefening voor Git", "Oefening voor Git\Oefening voor Git.csproj", "{5CE36B4F-863D-4D0C-8D77-EFC520D342CD}"
EndProject
Global
	GlobalSection(SolutionConfigurationPlatforms) = preSolution
		Debug|Any CPU = Debug|Any CPU
		Release|Any CPU = Release|Any CPU
	EndGlobalSection
	GlobalSection(ProjectConfigurationPlatforms) = postSolution
		{5CE36B4F-863D-4D0C-8D77-EFC520D342CD}.Debug|Any CPU.ActiveCfg = Debug|Any CPU
		{5CE36B4F-863D-4D0C-8D77-EFC520D342CD}.Debug|Any CPU.Build.0 = Debug|Any CPU
		{5CE36B4F-863D-4D0C-8D77-EFC520D342CD}.Release|Any CPU.ActiveCfg = Release|Any CPU
		{5CE36B4F-863D-4D0C-8D77-EFC520D342CD}.Release|Any CPU.Build.0 = Release|Any CPU
	EndGlobalSection
	GlobalSection(SolutionProperties) = preSolution
		HideSolutionNode = FALSE
	EndGlobalSection
	GlobalSection(ExtensibilityGlobals) = postSolution
		SolutionGuid = {183BF71E-C72F-4079-8629-6BD606294FB5}
	EndGlobalSection
EndGlobal
